
Microsoft Visual Studio Solution File, Format Version 12.00
# Visual Studio Version 16
VisualStudioVersion = 16.0.29721.120
MinimumVisualStudioVersion = 10.0.40219.1
Project("{FAE04EC0-301F-11D3-BF4B-00C04F79EFBC}") = "ShadySoft.Blazor.BusyIcon", "ShadySoft.Blazor.BusyIcon\ShadySoft.Blazor.BusyIcon.csproj", "{479EDC93-C30B-4C80-A49A-73BB0F896175}"
EndProject
Global
	GlobalSection(SolutionConfigurationPlatforms) = preSolution
		Debug|Any CPU = Debug|Any CPU
		Release|Any CPU = Release|Any CPU
	EndGlobalSection
	GlobalSection(ProjectConfigurationPlatforms) = postSolution
		{479EDC93-C30B-4C80-A49A-73BB0F896175}.Debug|Any CPU.ActiveCfg = Debug|Any CPU
		{479EDC93-C30B-4C80-A49A-73BB0F896175}.Debug|Any CPU.Build.0 = Debug|Any CPU
		{479EDC93-C30B-4C80-A49A-73BB0F896175}.Release|Any CPU.ActiveCfg = Release|Any CPU
		{479EDC93-C30B-4C80-A49A-73BB0F896175}.Release|Any CPU.Build.0 = Release|Any CPU
	EndGlobalSection
	GlobalSection(SolutionProperties) = preSolution
		HideSolutionNode = FALSE
	EndGlobalSection
	GlobalSection(ExtensibilityGlobals) = postSolution
		SolutionGuid = {CC92D45B-5331-46A1-8A67-8FBD3FFC27FE}
	EndGlobalSection
EndGlobal
